// !$*UTF8*$!
{
	archiveVersion = 1;
	classes = {
	};
	objectVersion = 46;
	objects = {

/* Begin PBXBuildFile section */
		5AE026AC239A33CE00C853A1 /* UIAlertController+ACAlertView.m in Sources */ = {isa = PBXBuildFile; fileRef = 5AE026AA239A33CE00C853A1 /* UIAlertController+ACAlertView.m */; };
		5C1B4AA21CD89F9B003C5E45 /* ACActionSheet.bundle in Resources */ = {isa = PBXBuildFile; fileRef = 5C1B4AA11CD89F9B003C5E45 /* ACActionSheet.bundle */; };
		5C3538921CD8737300731917 /* AppDelegate.m in Sources */ = {isa = PBXBuildFile; fileRef = 5C35388B1CD8737300731917 /* AppDelegate.m */; };
		5C3538931CD8737300731917 /* Assets.xcassets in Resources */ = {isa = PBXBuildFile; fileRef = 5C35388C1CD8737300731917 /* Assets.xcassets */; };
		5C3538961CD8737300731917 /* main.m in Sources */ = {isa = PBXBuildFile; fileRef = 5C35388F1CD8737300731917 /* main.m */; };
		5C3538971CD8737300731917 /* ViewController.m in Sources */ = {isa = PBXBuildFile; fileRef = 5C3538911CD8737300731917 /* ViewController.m */; };
		5C35389C1CD8743F00731917 /* LaunchScreen.storyboard in Resources */ = {isa = PBXBuildFile; fileRef = 5C3538981CD8743F00731917 /* LaunchScreen.storyboard */; };
		5C35389D1CD8743F00731917 /* Main.storyboard in Resources */ = {isa = PBXBuildFile; fileRef = 5C35389A1CD8743F00731917 /* Main.storyboard */; };
		5C3538A31CD8768000731917 /* ACActionSheet.m in Sources */ = {isa = PBXBuildFile; fileRef = 5C3538A21CD8768000731917 /* ACActionSheet.m */; };
/* End PBXBuildFile section */

/* Begin PBXFileReference section */
		5AE026AA239A33CE00C853A1 /* UIAlertController+ACAlertView.m */ = {isa = PBXFileReference; fileEncoding = 4; lastKnownFileType = sourcecode.c.objc; path = "UIAlertController+ACAlertView.m"; sourceTree = "<group>"; };
		5AE026AB239A33CE00C853A1 /* UIAlertController+ACAlertView.h */ = {isa = PBXFileReference; fileEncoding = 4; lastKnownFileType = sourcecode.c.h; path = "UIAlertController+ACAlertView.h"; sourceTree = "<group>"; };
		5C1B4AA11CD89F9B003C5E45 /* ACActionSheet.bundle */ = {isa = PBXFileReference; lastKnownFileType = "wrapper.plug-in"; path = ACActionSheet.bundle; sourceTree = "<group>"; };
		5C3538701CD844B900731917 /* ACActionSheetDemo.app */ = {isa = PBXFileReference; explicitFileType = wrapper.application; includeInIndex = 0; path = ACActionSheetDemo.app; sourceTree = BUILT_PRODUCTS_DIR; };
		5C35388A1CD8737300731917 /* AppDelegate.h */ = {isa = PBXFileReference; fileEncoding = 4; lastKnownFileType = sourcecode.c.h; name = AppDelegate.h; path = ACActionSheetDemo/AppDelegate.h; sourceTree = SOURCE_ROOT; };
		5C35388B1CD8737300731917 /* AppDelegate.m */ = {isa = PBXFileReference; fileEncoding = 4; lastKnownFileType = sourcecode.c.objc; name = AppDelegate.m; path = ACActionSheetDemo/AppDelegate.m; sourceTree = SOURCE_ROOT; };
		5C35388C1CD8737300731917 /* Assets.xcassets */ = {isa = PBXFileReference; lastKnownFileType = folder.assetcatalog; name = Assets.xcassets; path = ACActionSheetDemo/Assets.xcassets; sourceTree = SOURCE_ROOT; };
		5C35388E1CD8737300731917 /* Info.plist */ = {isa = PBXFileReference; fileEncoding = 4; lastKnownFileType = text.plist.xml; name = Info.plist; path = ACActionSheetDemo/Info.plist; sourceTree = SOURCE_ROOT; };
		5C35388F1CD8737300731917 /* main.m */ = {isa = PBXFileReference; fileEncoding = 4; lastKnownFileType = sourcecode.c.objc; name = main.m; path = ACActionSheetDemo/main.m; sourceTree = SOURCE_ROOT; };
		5C3538901CD8737300731917 /* ViewController.h */ = {isa = PBXFileReference; fileEncoding = 4; lastKnownFileType = sourcecode.c.h; name = ViewController.h; path = ACActionSheetDemo/ViewController.h; sourceTree = SOURCE_ROOT; };
		5C3538911CD8737300731917 /* ViewController.m */ = {isa = PBXFileReference; fileEncoding = 4; lastKnownFileType = sourcecode.c.objc; name = ViewController.m; path = ACActionSheetDemo/ViewController.m; sourceTree = SOURCE_ROOT; };
		5C3538991CD8743F00731917 /* Base */ = {isa = PBXFileReference; lastKnownFileType = file.storyboard; name = Base; path = ACActionSheetDemo/Base.lproj/LaunchScreen.storyboard; sourceTree = SOURCE_ROOT; };
		5C35389B1CD8743F00731917 /* Base */ = {isa = PBXFileReference; lastKnownFileType = file.storyboard; name = Base; path = ACActionSheetDemo/Base.lproj/Main.storyboard; sourceTree = SOURCE_ROOT; };
		5C3538A11CD8768000731917 /* ACActionSheet.h */ = {isa = PBXFileReference; fileEncoding = 4; lastKnownFileType = sourcecode.c.h; path = ACActionSheet.h; sourceTree = "<group>"; };
		5C3538A21CD8768000731917 /* ACActionSheet.m */ = {isa = PBXFileReference; fileEncoding = 4; lastKnownFileType = sourcecode.c.objc; path = ACActionSheet.m; sourceTree = "<group>"; };
/* End PBXFileReference section */

/* Begin PBXFrameworksBuildPhase section */
		5C35386D1CD844B900731917 /* Frameworks */ = {
			isa = PBXFrameworksBuildPhase;
			buildActionMask = 2147483647;
			files = (
			);
			runOnlyForDeploymentPostprocessing = 0;
		};
/* End PBXFrameworksBuildPhase section */

/* Begin PBXGroup section */
		5AE026A9239A33CE00C853A1 /* ACAlertView */ = {
			isa = PBXGroup;
			children = (
				5AE026AB239A33CE00C853A1 /* UIAlertController+ACAlertView.h */,
				5AE026AA239A33CE00C853A1 /* UIAlertController+ACAlertView.m */,
			);
			name = ACAlertView;
			path = ACActionSheetDemo/ACAlertView;
			sourceTree = "<group>";
		};
		5C3538671CD844B900731917 = {
			isa = PBXGroup;
			children = (
				5AE026A9239A33CE00C853A1 /* ACAlertView */,
				5C3538A01CD8766400731917 /* ACActionSheet */,
				5C3538721CD844B900731917 /* ACActionSheetDemo */,
				5C3538711CD844B900731917 /* Products */,
			);
			sourceTree = "<group>";
		};
		5C3538711CD844B900731917 /* Products */ = {
			isa = PBXGroup;
			children = (
				5C3538701CD844B900731917 /* ACActionSheetDemo.app */,
			);
			name = Products;
			sourceTree = "<group>";
		};
		5C3538721CD844B900731917 /* ACActionSheetDemo */ = {
			isa = PBXGroup;
			children = (
				5C35388A1CD8737300731917 /* AppDelegate.h */,
				5C35388B1CD8737300731917 /* AppDelegate.m */,
				5C3538901CD8737300731917 /* ViewController.h */,
				5C3538911CD8737300731917 /* ViewController.m */,
				5C35389A1CD8743F00731917 /* Main.storyboard */,
				5C35388C1CD8737300731917 /* Assets.xcassets */,
				5C3538981CD8743F00731917 /* LaunchScreen.storyboard */,
				5C3538731CD844B900731917 /* Supporting Files */,
			);
			name = ACActionSheetDemo;
			path = ACActionSheet;
			sourceTree = "<group>";
		};
		5C3538731CD844B900731917 /* Supporting Files */ = {
			isa = PBXGroup;
			children = (
				5C35388E1CD8737300731917 /* Info.plist */,
				5C35388F1CD8737300731917 /* main.m */,
			);
			name = "Supporting Files";
			sourceTree = "<group>";
		};
		5C3538A01CD8766400731917 /* ACActionSheet */ = {
			isa = PBXGroup;
			children = (
				5C1B4AA11CD89F9B003C5E45 /* ACActionSheet.bundle */,
				5C3538A11CD8768000731917 /* ACActionSheet.h */,
				5C3538A21CD8768000731917 /* ACActionSheet.m */,
			);
			name = ACActionSheet;
			path = ACActionSheetDemo/ACActionSheet;
			sourceTree = "<group>";
		};
/* End PBXGroup section */

/* Begin PBXNativeTarget section */
		5C35386F1CD844B900731917 /* ACActionSheetDemo */ = {
			isa = PBXNativeTarget;
			buildConfigurationList = 5C3538871CD844B900731917 /* Build configuration list for PBXNativeTarget "ACActionSheetDemo" */;
			buildPhases = (
				5C35386C1CD844B900731917 /* Sources */,
				5C35386D1CD844B900731917 /* Frameworks */,
				5C35386E1CD844B900731917 /* Resources */,
			);
			buildRules = (
			);
			dependencies = (
			);
			name = ACActionSheetDemo;
			productName = ACActionSheet;
			productReference = 5C3538701CD844B900731917 /* ACActionSheetDemo.app */;
			productType = "com.apple.product-type.application";
		};
/* End PBXNativeTarget section */

/* Begin PBXProject section */
		5C3538681CD844B900731917 /* Project object */ = {
			isa = PBXProject;
			attributes = {
				LastUpgradeCheck = 0730;
				ORGANIZATIONNAME = "章子云";
				TargetAttributes = {
					5C35386F1CD844B900731917 = {
						CreatedOnToolsVersion = 7.3;
						DevelopmentTeam = 5NZRFH2HRF;
						ProvisioningStyle = Manual;
					};
				};
			};
			buildConfigurationList = 5C35386B1CD844B900731917 /* Build configuration list for PBXProject "ACActionSheetDemo" */;
			compatibilityVersion = "Xcode 3.2";
			developmentRegion = English;
			hasScannedForEncodings = 0;
			knownRegions = (
				English,
				en,
				Base,
			);
			mainGroup = 5C3538671CD844B900731917;
			productRefGroup = 5C3538711CD844B900731917 /* Products */;
			projectDirPath = "";
			projectRoot = "";
			targets = (
				5C35386F1CD844B900731917 /* ACActionSheetDemo */,
			);
		};
/* End PBXProject section */

/* Begin PBXResourcesBuildPhase section */
		5C35386E1CD844B900731917 /* Resources */ = {
			isa = PBXResourcesBuildPhase;
			buildActionMask = 2147483647;
			files = (
				5C35389D1CD8743F00731917 /* Main.storyboard in Resources */,
				5C35389C1CD8743F00731917 /* LaunchScreen.storyboard in Resources */,
				5C3538931CD8737300731917 /* Assets.xcassets in Resources */,
				5C1B4AA21CD89F9B003C5E45 /* ACActionSheet.bundle in Resources */,
			);
			runOnlyForDeploymentPostprocessing = 0;
		};
/* End PBXResourcesBuildPhase section */

/* Begin PBXSourcesBuildPhase section */
		5C35386C1CD844B900731917 /* Sources */ = {
			isa = PBXSourcesBuildPhase;
			buildActionMask = 2147483647;
			files = (
				5C3538971CD8737300731917 /* ViewController.m in Sources */,
				5C3538A31CD8768000731917 /* ACActionSheet.m in Sources */,
				5AE026AC239A33CE00C853A1 /* UIAlertController+ACAlertView.m in Sources */,
				5C3538961CD8737300731917 /* main.m in Sources */,
				5C3538921CD8737300731917 /* AppDelegate.m in Sources */,
			);
			runOnlyForDeploymentPostprocessing = 0;
		};
/* End PBXSourcesBuildPhase section */

/* Begin PBXVariantGroup section */
		5C3538981CD8743F00731917 /* LaunchScreen.storyboard */ = {
			isa = PBXVariantGroup;
			children = (
				5C3538991CD8743F00731917 /* Base */,
			);
			name = LaunchScreen.storyboard;
			sourceTree = "<group>";
		};
		5C35389A1CD8743F00731917 /* Main.storyboard */ = {
			isa = PBXVariantGroup;
			children = (
				5C35389B1CD8743F00731917 /* Base */,
			);
			name = Main.storyboard;
			sourceTree = "<group>";
		};
/* End PBXVariantGroup section */

/* Begin XCBuildConfiguration section */
		5C3538851CD844B900731917 /* Debug */ = {
			isa = XCBuildConfiguration;
			buildSettings = {
				ALWAYS_SEARCH_USER_PATHS = NO;
				CLANG_ANALYZER_NONNULL = YES;
				CLANG_CXX_LANGUAGE_STANDARD = "gnu++0x";
				CLANG_CXX_LIBRARY = "libc++";
				CLANG_ENABLE_MODULES = YES;
				CLANG_ENABLE_OBJC_ARC = YES;
				CLANG_WARN_BOOL_CONVERSION = YES;
				CLANG_WARN_CONSTANT_CONVERSION = YES;
				CLANG_WARN_DIRECT_OBJC_ISA_USAGE = YES_ERROR;
				CLANG_WARN_EMPTY_BODY = YES;
				CLANG_WARN_ENUM_CONVERSION = YES;
				CLANG_WARN_INT_CONVERSION = YES;
				CLANG_WARN_OBJC_ROOT_CLASS = YES_ERROR;
				CLANG_WARN_UNREACHABLE_CODE = YES;
				CLANG_WARN__DUPLICATE_METHOD_MATCH = YES;
				"CODE_SIGN_IDENTITY[sdk=iphoneos*]" = "iPhone Developer";
				COPY_PHASE_STRIP = NO;
				DEBUG_INFORMATION_FORMAT = dwarf;
				ENABLE_STRICT_OBJC_MSGSEND = YES;
				ENABLE_TESTABILITY = YES;
				GCC_C_LANGUAGE_STANDARD = gnu99;
				GCC_DYNAMIC_NO_PIC = NO;
				GCC_NO_COMMON_BLOCKS = YES;
				GCC_OPTIMIZATION_LEVEL = 0;
				GCC_PREPROCESSOR_DEFINITIONS = (
					"DEBUG=1",
					"$(inherited)",
				);
				GCC_WARN_64_TO_32_BIT_CONVERSION = YES;
				GCC_WARN_ABOUT_RETURN_TYPE = YES_ERROR;
				GCC_WARN_UNDECLARED_SELECTOR = YES;
				GCC_WARN_UNINITIALIZED_AUTOS = YES_AGGRESSIVE;
				GCC_WARN_UNUSED_FUNCTION = YES;
				GCC_WARN_UNUSED_VARIABLE = YES;
				IPHONEOS_DEPLOYMENT_TARGET = 9.3;
				MTL_ENABLE_DEBUG_INFO = YES;
				ONLY_ACTIVE_ARCH = YES;
				SDKROOT = iphoneos;
				TARGETED_DEVICE_FAMILY = "1,2";
			};
			name = Debug;
		};
		5C3538861CD844B900731917 /* Release */ = {
			isa = XCBuildConfiguration;
			buildSettings = {
				ALWAYS_SEARCH_USER_PATHS = NO;
				CLANG_ANALYZER_NONNULL = YES;
				CLANG_CXX_LANGUAGE_STANDARD = "gnu++0x";
				CLANG_CXX_LIBRARY = "libc++";
				CLANG_ENABLE_MODULES = YES;
				CLANG_ENABLE_OBJC_ARC = YES;
				CLANG_WARN_BOOL_CONVERSION = YES;
				CLANG_WARN_CONSTANT_CONVERSION = YES;
				CLANG_WARN_DIRECT_OBJC_ISA_USAGE = YES_ERROR;
				CLANG_WARN_EMPTY_BODY = YES;
				CLANG_WARN_ENUM_CONVERSION = YES;
				CLANG_WARN_INT_CONVERSION = YES;
				CLANG_WARN_OBJC_ROOT_CLASS = YES_ERROR;
				CLANG_WARN_UNREACHABLE_CODE = YES;
				CLANG_WARN__DUPLICATE_METHOD_MATCH = YES;
				"CODE_SIGN_IDENTITY[sdk=iphoneos*]" = "iPhone Developer";
				COPY_PHASE_STRIP = NO;
				DEBUG_INFORMATION_FORMAT = "dwarf-with-dsym";
				ENABLE_NS_ASSERTIONS = NO;
				ENABLE_STRICT_OBJC_MSGSEND = YES;
				GCC_C_LANGUAGE_STANDARD = gnu99;
				GCC_NO_COMMON_BLOCKS = YES;
				GCC_WARN_64_TO_32_BIT_CONVERSION = YES;
				GCC_WARN_ABOUT_RETURN_TYPE = YES_ERROR;
				GCC_WARN_UNDECLARED_SELECTOR = YES;
				GCC_WARN_UNINITIALIZED_AUTOS = YES_AGGRESSIVE;
				GCC_WARN_UNUSED_FUNCTION = YES;
				GCC_WARN_UNUSED_VARIABLE = YES;
				IPHONEOS_DEPLOYMENT_TARGET = 9.3;
				MTL_ENABLE_DEBUG_INFO = NO;
				SDKROOT = iphoneos;
				TARGETED_DEVICE_FAMILY = "1,2";
				VALIDATE_PRODUCT = YES;
			};
			name = Release;
		};
		5C3538881CD844B900731917 /* Debug */ = {
			isa = XCBuildConfiguration;
			buildSettings = {
				ASSETCATALOG_COMPILER_APPICON_NAME = AppIcon;
				CODE_SIGN_STYLE = Manual;
				DEVELOPMENT_TEAM = 5NZRFH2HRF;
				INFOPLIST_FILE = ACActionSheetDemo/Info.plist;
				IPHONEOS_DEPLOYMENT_TARGET = 7.0;
				LD_RUNPATH_SEARCH_PATHS = "$(inherited) @executable_path/Frameworks";
				PRODUCT_BUNDLE_IDENTIFIER = AC.ACActionSheet;
				PRODUCT_NAME = "$(TARGET_NAME)";
				PROVISIONING_PROFILE_SPECIFIER = spayCommonPro;
			};
			name = Debug;
		};
		5C3538891CD844B900731917 /* Release */ = {
			isa = XCBuildConfiguration;
			buildSettings = {
				ASSETCATALOG_COMPILER_APPICON_NAME = AppIcon;
				CODE_SIGN_STYLE = Manual;
				DEVELOPMENT_TEAM = 5NZRFH2HRF;
				INFOPLIST_FILE = ACActionSheetDemo/Info.plist;
				IPHONEOS_DEPLOYMENT_TARGET = 7.0;
				LD_RUNPATH_SEARCH_PATHS = "$(inherited) @executable_path/Frameworks";
				PRODUCT_BUNDLE_IDENTIFIER = AC.ACActionSheet;
				PRODUCT_NAME = "$(TARGET_NAME)";
				PROVISIONING_PROFILE_SPECIFIER = spayCommonPro;
			};
			name = Release;
		};
/* End XCBuildConfiguration section */

/* Begin XCConfigurationList section */
		5C35386B1CD844B900731917 /* Build configuration list for PBXProject "ACActionSheetDemo" */ = {
			isa = XCConfigurationList;
			buildConfigurations = (
				5C3538851CD844B900731917 /* Debug */,
				5C3538861CD844B900731917 /* Release */,
			);
			defaultConfigurationIsVisible = 0;
			defaultConfigurationName = Release;
		};
		5C3538871CD844B900731917 /* Build configuration list for PBXNativeTarget "ACActionSheetDemo" */ = {
			isa = XCConfigurationList;
			buildConfigurations = (
				5C3538881CD844B900731917 /* Debug */,
				5C3538891CD844B900731917 /* Release */,
			);
			defaultConfigurationIsVisible = 0;
			defaultConfigurationName = Release;
		};
/* End XCConfigurationList section */
	};
	rootObject = 5C3538681CD844B900731917 /* Project object */;
}
